// !$*UTF8*$!
{
	archiveVersion = 1;
	classes = {
	};
	objectVersion = 46;
	objects = {

/* Begin PBXBuildFile section */
		6B00E3331C29E13900E0E67A /* WBTabBar.m in Sources */ = {isa = PBXBuildFile; fileRef = 6B00E3321C29E13900E0E67A /* WBTabBar.m */; };
		6B090F341C2A2E9100BC44FB /* WBNewFeatureViewController.m in Sources */ = {isa = PBXBuildFile; fileRef = 6B090F331C2A2E9100BC44FB /* WBNewFeatureViewController.m */; };
		6B11FA1B1C3B0B8300C0A61B /* UIWindow+Extension.m in Sources */ = {isa = PBXBuildFile; fileRef = 6B11FA1A1C3B0B8300C0A61B /* UIWindow+Extension.m */; };
		6B11FA1E1C3B130900C0A61B /* WBUser.m in Sources */ = {isa = PBXBuildFile; fileRef = 6B11FA1D1C3B130900C0A61B /* WBUser.m */; };
		6B42B3851C3B27EB0028A40C /* Foundation+Log.m in Sources */ = {isa = PBXBuildFile; fileRef = 6B42B3841C3B27EB0028A40C /* Foundation+Log.m */; };
		6B42B3881C3B39B50028A40C /* WBStatuse.m in Sources */ = {isa = PBXBuildFile; fileRef = 6B42B3871C3B39B50028A40C /* WBStatuse.m */; };
		6B606F6F1C3ACB06006D6B92 /* MBProgressHUD+MJ.m in Sources */ = {isa = PBXBuildFile; fileRef = 6B606F6B1C3ACB06006D6B92 /* MBProgressHUD+MJ.m */; };
		6B606F701C3ACB06006D6B92 /* MBProgressHUD.bundle in Resources */ = {isa = PBXBuildFile; fileRef = 6B606F6C1C3ACB06006D6B92 /* MBProgressHUD.bundle */; };
		6B606F711C3ACB06006D6B92 /* MBProgressHUD.m in Sources */ = {isa = PBXBuildFile; fileRef = 6B606F6E1C3ACB06006D6B92 /* MBProgressHUD.m */; };
		6B76F6C01C244C5F00B32424 /* UIImage+Extension.m in Sources */ = {isa = PBXBuildFile; fileRef = 6B76F6BD1C244C5F00B32424 /* UIImage+Extension.m */; };
		6B76F6C11C244C5F00B32424 /* UIView+Extension.m in Sources */ = {isa = PBXBuildFile; fileRef = 6B76F6BF1C244C5F00B32424 /* UIView+Extension.m */; };
		6B76F6C41C28333100B32424 /* UIBarButtonItem+Extension.m in Sources */ = {isa = PBXBuildFile; fileRef = 6B76F6C31C28333100B32424 /* UIBarButtonItem+Extension.m */; };
		6B76F6C71C28685B00B32424 /* WBSearchBar.m in Sources */ = {isa = PBXBuildFile; fileRef = 6B76F6C61C28685B00B32424 /* WBSearchBar.m */; };
		6B76F6CA1C28803100B32424 /* WBTitleButton.m in Sources */ = {isa = PBXBuildFile; fileRef = 6B76F6C91C28803100B32424 /* WBTitleButton.m */; };
		6B76F6CD1C299B4C00B32424 /* WBDropDownMenu.m in Sources */ = {isa = PBXBuildFile; fileRef = 6B76F6CC1C299B4C00B32424 /* WBDropDownMenu.m */; };
		6B76F6D01C29AB1400B32424 /* WBTitleMenuController.m in Sources */ = {isa = PBXBuildFile; fileRef = 6B76F6CF1C29AB1400B32424 /* WBTitleMenuController.m */; };
		6B8440F31C2C937B00096EDD /* WBOAuthViewController.m in Sources */ = {isa = PBXBuildFile; fileRef = 6B8440F21C2C937B00096EDD /* WBOAuthViewController.m */; };
		6B8F10D31C3AEB2F004DE61A /* WBAccount.m in Sources */ = {isa = PBXBuildFile; fileRef = 6B8F10D21C3AEB2F004DE61A /* WBAccount.m */; };
		6B8F10D71C3AF717004DE61A /* WBAccountTool.m in Sources */ = {isa = PBXBuildFile; fileRef = 6B8F10D61C3AF717004DE61A /* WBAccountTool.m */; };
		6BB415121C243F88007FBC6C /* WBDiscoverTableViewController.m in Sources */ = {isa = PBXBuildFile; fileRef = 6BB414EC1C243F88007FBC6C /* WBDiscoverTableViewController.m */; };
		6BB415131C243F88007FBC6C /* WBHomeTableViewController.m in Sources */ = {isa = PBXBuildFile; fileRef = 6BB414F21C243F88007FBC6C /* WBHomeTableViewController.m */; };
		6BB415161C243F88007FBC6C /* WBNavigationController.m in Sources */ = {isa = PBXBuildFile; fileRef = 6BB414FD1C243F88007FBC6C /* WBNavigationController.m */; };
		6BB415171C243F88007FBC6C /* WBTabBarController.m in Sources */ = {isa = PBXBuildFile; fileRef = 6BB414FF1C243F88007FBC6C /* WBTabBarController.m */; };
		6BB415181C243F88007FBC6C /* WBMessageTableViewController.m in Sources */ = {isa = PBXBuildFile; fileRef = 6BB415051C243F88007FBC6C /* WBMessageTableViewController.m */; };
		6BB415191C243F88007FBC6C /* AppDelegate.m in Sources */ = {isa = PBXBuildFile; fileRef = 6BB4150A1C243F88007FBC6C /* AppDelegate.m */; };
		6BB4151A1C243F88007FBC6C /* main.m in Sources */ = {isa = PBXBuildFile; fileRef = 6BB4150B1C243F88007FBC6C /* main.m */; };
		6BB4151B1C243F88007FBC6C /* WBProfileTableViewController.m in Sources */ = {isa = PBXBuildFile; fileRef = 6BB4150F1C243F88007FBC6C /* WBProfileTableViewController.m */; };
		6BB4151E1C243FCF007FBC6C /* WBComposeTableViewController.m in Sources */ = {isa = PBXBuildFile; fileRef = 6BB4151D1C243FCF007FBC6C /* WBComposeTableViewController.m */; };
		6BDDD8021C231CF100BEE142 /* Assets.xcassets in Resources */ = {isa = PBXBuildFile; fileRef = 6BDDD8011C231CF100BEE142 /* Assets.xcassets */; };
		6BDDD8101C231CF100BEE142 /* WeiboTests.m in Sources */ = {isa = PBXBuildFile; fileRef = 6BDDD80F1C231CF100BEE142 /* WeiboTests.m */; };
		C2E697132AC1A16E814D443A /* libPods.a in Frameworks */ = {isa = PBXBuildFile; fileRef = 87E767E1A54CE0ACE1935FC5 /* libPods.a */; };
/* End PBXBuildFile section */

/* Begin PBXContainerItemProxy section */
		6BDDD80C1C231CF100BEE142 /* PBXContainerItemProxy */ = {
			isa = PBXContainerItemProxy;
			containerPortal = 6BDDD7EA1C231CF100BEE142 /* Project object */;
			proxyType = 1;
			remoteGlobalIDString = 6BDDD7F11C231CF100BEE142;
			remoteInfo = Weibo;
		};
/* End PBXContainerItemProxy section */

/* Begin PBXFileReference section */
		6B00E3311C29E13900E0E67A /* WBTabBar.h */ = {isa = PBXFileReference; fileEncoding = 4; lastKnownFileType = sourcecode.c.h; path = WBTabBar.h; sourceTree = "<group>"; };
		6B00E3321C29E13900E0E67A /* WBTabBar.m */ = {isa = PBXFileReference; fileEncoding = 4; lastKnownFileType = sourcecode.c.objc; path = WBTabBar.m; sourceTree = "<group>"; };
		6B090F321C2A2E9100BC44FB /* WBNewFeatureViewController.h */ = {isa = PBXFileReference; fileEncoding = 4; lastKnownFileType = sourcecode.c.h; path = WBNewFeatureViewController.h; sourceTree = "<group>"; };
		6B090F331C2A2E9100BC44FB /* WBNewFeatureViewController.m */ = {isa = PBXFileReference; fileEncoding = 4; lastKnownFileType = sourcecode.c.objc; path = WBNewFeatureViewController.m; sourceTree = "<group>"; };
		6B11FA191C3B0B8300C0A61B /* UIWindow+Extension.h */ = {isa = PBXFileReference; fileEncoding = 4; lastKnownFileType = sourcecode.c.h; path = "UIWindow+Extension.h"; sourceTree = "<group>"; };
		6B11FA1A1C3B0B8300C0A61B /* UIWindow+Extension.m */ = {isa = PBXFileReference; fileEncoding = 4; lastKnownFileType = sourcecode.c.objc; path = "UIWindow+Extension.m"; sourceTree = "<group>"; };
		6B11FA1C1C3B130900C0A61B /* WBUser.h */ = {isa = PBXFileReference; fileEncoding = 4; lastKnownFileType = sourcecode.c.h; path = WBUser.h; sourceTree = "<group>"; };
		6B11FA1D1C3B130900C0A61B /* WBUser.m */ = {isa = PBXFileReference; fileEncoding = 4; lastKnownFileType = sourcecode.c.objc; path = WBUser.m; sourceTree = "<group>"; };
		6B42B3841C3B27EB0028A40C /* Foundation+Log.m */ = {isa = PBXFileReference; fileEncoding = 4; lastKnownFileType = sourcecode.c.objc; path = "Foundation+Log.m"; sourceTree = "<group>"; };
		6B42B3861C3B39B50028A40C /* WBStatuse.h */ = {isa = PBXFileReference; fileEncoding = 4; lastKnownFileType = sourcecode.c.h; path = WBStatuse.h; sourceTree = "<group>"; };
		6B42B3871C3B39B50028A40C /* WBStatuse.m */ = {isa = PBXFileReference; fileEncoding = 4; lastKnownFileType = sourcecode.c.objc; path = WBStatuse.m; sourceTree = "<group>"; };
		6B606F6A1C3ACB06006D6B92 /* MBProgressHUD+MJ.h */ = {isa = PBXFileReference; fileEncoding = 4; lastKnownFileType = sourcecode.c.h; path = "MBProgressHUD+MJ.h"; sourceTree = "<group>"; };
		6B606F6B1C3ACB06006D6B92 /* MBProgressHUD+MJ.m */ = {isa = PBXFileReference; fileEncoding = 4; lastKnownFileType = sourcecode.c.objc; path = "MBProgressHUD+MJ.m"; sourceTree = "<group>"; };
		6B606F6C1C3ACB06006D6B92 /* MBProgressHUD.bundle */ = {isa = PBXFileReference; lastKnownFileType = "wrapper.plug-in"; path = MBProgressHUD.bundle; sourceTree = "<group>"; };
		6B606F6D1C3ACB06006D6B92 /* MBProgressHUD.h */ = {isa = PBXFileReference; fileEncoding = 4; lastKnownFileType = sourcecode.c.h; path = MBProgressHUD.h; sourceTree = "<group>"; };
		6B606F6E1C3ACB06006D6B92 /* MBProgressHUD.m */ = {isa = PBXFileReference; fileEncoding = 4; lastKnownFileType = sourcecode.c.objc; path = MBProgressHUD.m; sourceTree = "<group>"; };
		6B76F6BC1C244C5F00B32424 /* UIImage+Extension.h */ = {isa = PBXFileReference; fileEncoding = 4; lastKnownFileType = sourcecode.c.h; path = "UIImage+Extension.h"; sourceTree = "<group>"; };
		6B76F6BD1C244C5F00B32424 /* UIImage+Extension.m */ = {isa = PBXFileReference; fileEncoding = 4; lastKnownFileType = sourcecode.c.objc; path = "UIImage+Extension.m"; sourceTree = "<group>"; };
		6B76F6BE1C244C5F00B32424 /* UIView+Extension.h */ = {isa = PBXFileReference; fileEncoding = 4; lastKnownFileType = sourcecode.c.h; path = "UIView+Extension.h"; sourceTree = "<group>"; };
		6B76F6BF1C244C5F00B32424 /* UIView+Extension.m */ = {isa = PBXFileReference; fileEncoding = 4; lastKnownFileType = sourcecode.c.objc; path = "UIView+Extension.m"; sourceTree = "<group>"; };
		6B76F6C21C28333100B32424 /* UIBarButtonItem+Extension.h */ = {isa = PBXFileReference; fileEncoding = 4; lastKnownFileType = sourcecode.c.h; path = "UIBarButtonItem+Extension.h"; sourceTree = "<group>"; };
		6B76F6C31C28333100B32424 /* UIBarButtonItem+Extension.m */ = {isa = PBXFileReference; fileEncoding = 4; lastKnownFileType = sourcecode.c.objc; path = "UIBarButtonItem+Extension.m"; sourceTree = "<group>"; };
		6B76F6C51C28685B00B32424 /* WBSearchBar.h */ = {isa = PBXFileReference; fileEncoding = 4; lastKnownFileType = sourcecode.c.h; path = WBSearchBar.h; sourceTree = "<group>"; };
		6B76F6C61C28685B00B32424 /* WBSearchBar.m */ = {isa = PBXFileReference; fileEncoding = 4; lastKnownFileType = sourcecode.c.objc; path = WBSearchBar.m; sourceTree = "<group>"; };
		6B76F6C81C28803100B32424 /* WBTitleButton.h */ = {isa = PBXFileReference; fileEncoding = 4; lastKnownFileType = sourcecode.c.h; path = WBTitleButton.h; sourceTree = "<group>"; };
		6B76F6C91C28803100B32424 /* WBTitleButton.m */ = {isa = PBXFileReference; fileEncoding = 4; lastKnownFileType = sourcecode.c.objc; path = WBTitleButton.m; sourceTree = "<group>"; };
		6B76F6CB1C299B4C00B32424 /* WBDropDownMenu.h */ = {isa = PBXFileReference; fileEncoding = 4; lastKnownFileType = sourcecode.c.h; path = WBDropDownMenu.h; sourceTree = "<group>"; };
		6B76F6CC1C299B4C00B32424 /* WBDropDownMenu.m */ = {isa = PBXFileReference; fileEncoding = 4; lastKnownFileType = sourcecode.c.objc; path = WBDropDownMenu.m; sourceTree = "<group>"; };
		6B76F6CE1C29AB1400B32424 /* WBTitleMenuController.h */ = {isa = PBXFileReference; fileEncoding = 4; lastKnownFileType = sourcecode.c.h; path = WBTitleMenuController.h; sourceTree = "<group>"; };
		6B76F6CF1C29AB1400B32424 /* WBTitleMenuController.m */ = {isa = PBXFileReference; fileEncoding = 4; lastKnownFileType = sourcecode.c.objc; path = WBTitleMenuController.m; sourceTree = "<group>"; };
		6B8440F11C2C937B00096EDD /* WBOAuthViewController.h */ = {isa = PBXFileReference; fileEncoding = 4; lastKnownFileType = sourcecode.c.h; path = WBOAuthViewController.h; sourceTree = "<group>"; };
		6B8440F21C2C937B00096EDD /* WBOAuthViewController.m */ = {isa = PBXFileReference; fileEncoding = 4; lastKnownFileType = sourcecode.c.objc; path = WBOAuthViewController.m; sourceTree = "<group>"; };
		6B8447BE1C241A3B00DE577E /* Weibo-Prefix.pch */ = {isa = PBXFileReference; fileEncoding = 4; lastKnownFileType = sourcecode.c.h; path = "Weibo-Prefix.pch"; sourceTree = "<group>"; };
		6B8F10D11C3AEB2F004DE61A /* WBAccount.h */ = {isa = PBXFileReference; fileEncoding = 4; lastKnownFileType = sourcecode.c.h; path = WBAccount.h; sourceTree = "<group>"; };
		6B8F10D21C3AEB2F004DE61A /* WBAccount.m */ = {isa = PBXFileReference; fileEncoding = 4; lastKnownFileType = sourcecode.c.objc; path = WBAccount.m; sourceTree = "<group>"; };
		6B8F10D51C3AF717004DE61A /* WBAccountTool.h */ = {isa = PBXFileReference; fileEncoding = 4; lastKnownFileType = sourcecode.c.h; path = WBAccountTool.h; sourceTree = "<group>"; };
		6B8F10D61C3AF717004DE61A /* WBAccountTool.m */ = {isa = PBXFileReference; fileEncoding = 4; lastKnownFileType = sourcecode.c.objc; path = WBAccountTool.m; sourceTree = "<group>"; };
		6BB414EB1C243F88007FBC6C /* WBDiscoverTableViewController.h */ = {isa = PBXFileReference; fileEncoding = 4; lastKnownFileType = sourcecode.c.h; path = WBDiscoverTableViewController.h; sourceTree = "<group>"; };
		6BB414EC1C243F88007FBC6C /* WBDiscoverTableViewController.m */ = {isa = PBXFileReference; fileEncoding = 4; lastKnownFileType = sourcecode.c.objc; path = WBDiscoverTableViewController.m; sourceTree = "<group>"; };
		6BB414F11C243F88007FBC6C /* WBHomeTableViewController.h */ = {isa = PBXFileReference; fileEncoding = 4; lastKnownFileType = sourcecode.c.h; path = WBHomeTableViewController.h; sourceTree = "<group>"; };
		6BB414F21C243F88007FBC6C /* WBHomeTableViewController.m */ = {isa = PBXFileReference; fileEncoding = 4; lastKnownFileType = sourcecode.c.objc; path = WBHomeTableViewController.m; sourceTree = "<group>"; };
		6BB414FC1C243F88007FBC6C /* WBNavigationController.h */ = {isa = PBXFileReference; fileEncoding = 4; lastKnownFileType = sourcecode.c.h; path = WBNavigationController.h; sourceTree = "<group>"; };
		6BB414FD1C243F88007FBC6C /* WBNavigationController.m */ = {isa = PBXFileReference; fileEncoding = 4; lastKnownFileType = sourcecode.c.objc; path = WBNavigationController.m; sourceTree = "<group>"; };
		6BB414FE1C243F88007FBC6C /* WBTabBarController.h */ = {isa = PBXFileReference; fileEncoding = 4; lastKnownFileType = sourcecode.c.h; path = WBTabBarController.h; sourceTree = "<group>"; };
		6BB414FF1C243F88007FBC6C /* WBTabBarController.m */ = {isa = PBXFileReference; fileEncoding = 4; lastKnownFileType = sourcecode.c.objc; path = WBTabBarController.m; sourceTree = "<group>"; };
		6BB415041C243F88007FBC6C /* WBMessageTableViewController.h */ = {isa = PBXFileReference; fileEncoding = 4; lastKnownFileType = sourcecode.c.h; path = WBMessageTableViewController.h; sourceTree = "<group>"; };
		6BB415051C243F88007FBC6C /* WBMessageTableViewController.m */ = {isa = PBXFileReference; fileEncoding = 4; lastKnownFileType = sourcecode.c.objc; path = WBMessageTableViewController.m; sourceTree = "<group>"; };
		6BB415091C243F88007FBC6C /* AppDelegate.h */ = {isa = PBXFileReference; fileEncoding = 4; lastKnownFileType = sourcecode.c.h; path = AppDelegate.h; sourceTree = "<group>"; };
		6BB4150A1C243F88007FBC6C /* AppDelegate.m */ = {isa = PBXFileReference; fileEncoding = 4; lastKnownFileType = sourcecode.c.objc; path = AppDelegate.m; sourceTree = "<group>"; };
		6BB4150B1C243F88007FBC6C /* main.m */ = {isa = PBXFileReference; fileEncoding = 4; lastKnownFileType = sourcecode.c.objc; path = main.m; sourceTree = "<group>"; };
		6BB4150E1C243F88007FBC6C /* WBProfileTableViewController.h */ = {isa = PBXFileReference; fileEncoding = 4; lastKnownFileType = sourcecode.c.h; path = WBProfileTableViewController.h; sourceTree = "<group>"; };
		6BB4150F1C243F88007FBC6C /* WBProfileTableViewController.m */ = {isa = PBXFileReference; fileEncoding = 4; lastKnownFileType = sourcecode.c.objc; path = WBProfileTableViewController.m; sourceTree = "<group>"; };
		6BB4151C1C243FCF007FBC6C /* WBComposeTableViewController.h */ = {isa = PBXFileReference; fileEncoding = 4; lastKnownFileType = sourcecode.c.h; path = WBComposeTableViewController.h; sourceTree = "<group>"; };
		6BB4151D1C243FCF007FBC6C /* WBComposeTableViewController.m */ = {isa = PBXFileReference; fileEncoding = 4; lastKnownFileType = sourcecode.c.objc; path = WBComposeTableViewController.m; sourceTree = "<group>"; };
		6BDDD7F21C231CF100BEE142 /* Weibo.app */ = {isa = PBXFileReference; explicitFileType = wrapper.application; includeInIndex = 0; path = Weibo.app; sourceTree = BUILT_PRODUCTS_DIR; };
		6BDDD8011C231CF100BEE142 /* Assets.xcassets */ = {isa = PBXFileReference; lastKnownFileType = folder.assetcatalog; path = Assets.xcassets; sourceTree = "<group>"; };
		6BDDD8061C231CF100BEE142 /* Info.plist */ = {isa = PBXFileReference; lastKnownFileType = text.plist.xml; path = Info.plist; sourceTree = "<group>"; };
		6BDDD80B1C231CF100BEE142 /* WeiboTests.xctest */ = {isa = PBXFileReference; explicitFileType = wrapper.cfbundle; includeInIndex = 0; path = WeiboTests.xctest; sourceTree = BUILT_PRODUCTS_DIR; };
		6BDDD80F1C231CF100BEE142 /* WeiboTests.m */ = {isa = PBXFileReference; lastKnownFileType = sourcecode.c.objc; path = WeiboTests.m; sourceTree = "<group>"; };
		6BDDD8111C231CF100BEE142 /* Info.plist */ = {isa = PBXFileReference; lastKnownFileType = text.plist.xml; path = Info.plist; sourceTree = "<group>"; };
		84D4191F766E86117F080BE6 /* Pods.debug.xcconfig */ = {isa = PBXFileReference; includeInIndex = 1; lastKnownFileType = text.xcconfig; name = Pods.debug.xcconfig; path = "Pods/Target Support Files/Pods/Pods.debug.xcconfig"; sourceTree = "<group>"; };
		87E767E1A54CE0ACE1935FC5 /* libPods.a */ = {isa = PBXFileReference; explicitFileType = archive.ar; includeInIndex = 0; path = libPods.a; sourceTree = BUILT_PRODUCTS_DIR; };
		A7243E268B5F42AF6B6EC5A8 /* Pods.release.xcconfig */ = {isa = PBXFileReference; includeInIndex = 1; lastKnownFileType = text.xcconfig; name = Pods.release.xcconfig; path = "Pods/Target Support Files/Pods/Pods.release.xcconfig"; sourceTree = "<group>"; };
/* End PBXFileReference section */

/* Begin PBXFrameworksBuildPhase section */
		6BDDD7EF1C231CF100BEE142 /* Frameworks */ = {
			isa = PBXFrameworksBuildPhase;
			buildActionMask = 2147483647;
			files = (
				C2E697132AC1A16E814D443A /* libPods.a in Frameworks */,
			);
			runOnlyForDeploymentPostprocessing = 0;
		};
		6BDDD8081C231CF100BEE142 /* Frameworks */ = {
			isa = PBXFrameworksBuildPhase;
			buildActionMask = 2147483647;
			files = (
			);
			runOnlyForDeploymentPostprocessing = 0;
		};
/* End PBXFrameworksBuildPhase section */

/* Begin PBXGroup section */
		3569612C1DC2EC068470FD19 /* Pods */ = {
			isa = PBXGroup;
			children = (
				84D4191F766E86117F080BE6 /* Pods.debug.xcconfig */,
				A7243E268B5F42AF6B6EC5A8 /* Pods.release.xcconfig */,
			);
			name = Pods;
			sourceTree = "<group>";
		};
		59368566D365B95D399D9C07 /* Frameworks */ = {
			isa = PBXGroup;
			children = (
				87E767E1A54CE0ACE1935FC5 /* libPods.a */,
			);
			name = Frameworks;
			sourceTree = "<group>";
		};
		6B090F301C2A2E5400BC44FB /* NewFeature */ = {
			isa = PBXGroup;
			children = (
				6B090F311C2A2E5400BC44FB /* Controller */,
			);
			path = NewFeature;
			sourceTree = "<group>";
		};
		6B090F311C2A2E5400BC44FB /* Controller */ = {
			isa = PBXGroup;
			children = (
				6B090F321C2A2E9100BC44FB /* WBNewFeatureViewController.h */,
				6B090F331C2A2E9100BC44FB /* WBNewFeatureViewController.m */,
			);
			path = Controller;
			sourceTree = "<group>";
		};
		6B606F681C3ACB06006D6B92 /* Lib */ = {
			isa = PBXGroup;
			children = (
				6B606F691C3ACB06006D6B92 /* MBProgressHUD */,
			);
			path = Lib;
			sourceTree = "<group>";
		};
		6B606F691C3ACB06006D6B92 /* MBProgressHUD */ = {
			isa = PBXGroup;
			children = (
				6B606F6A1C3ACB06006D6B92 /* MBProgressHUD+MJ.h */,
				6B606F6B1C3ACB06006D6B92 /* MBProgressHUD+MJ.m */,
				6B606F6C1C3ACB06006D6B92 /* MBProgressHUD.bundle */,
				6B606F6D1C3ACB06006D6B92 /* MBProgressHUD.h */,
				6B606F6E1C3ACB06006D6B92 /* MBProgressHUD.m */,
			);
			path = MBProgressHUD;
			sourceTree = "<group>";
		};
		6B76F6BB1C244C5F00B32424 /* Category */ = {
			isa = PBXGroup;
			children = (
				6B42B3841C3B27EB0028A40C /* Foundation+Log.m */,
				6B76F6BC1C244C5F00B32424 /* UIImage+Extension.h */,
				6B76F6BD1C244C5F00B32424 /* UIImage+Extension.m */,
				6B76F6BE1C244C5F00B32424 /* UIView+Extension.h */,
				6B76F6BF1C244C5F00B32424 /* UIView+Extension.m */,
				6B76F6C21C28333100B32424 /* UIBarButtonItem+Extension.h */,
				6B76F6C31C28333100B32424 /* UIBarButtonItem+Extension.m */,
				6B11FA191C3B0B8300C0A61B /* UIWindow+Extension.h */,
				6B11FA1A1C3B0B8300C0A61B /* UIWindow+Extension.m */,
			);
			path = Category;
			sourceTree = "<group>";
		};
		6B8440EF1C2C927200096EDD /* OAuth */ = {
			isa = PBXGroup;
			children = (
				6B8F10D41C3AF6FB004DE61A /* Tool */,
				6B8F10D01C3AEB1C004DE61A /* Model */,
				6B8440F01C2C927200096EDD /* Controller */,
			);
			path = OAuth;
			sourceTree = "<group>";
		};
		6B8440F01C2C927200096EDD /* Controller */ = {
			isa = PBXGroup;
			children = (
				6B8440F11C2C937B00096EDD /* WBOAuthViewController.h */,
				6B8440F21C2C937B00096EDD /* WBOAuthViewController.m */,
			);
			path = Controller;
			sourceTree = "<group>";
		};
		6B8F10D01C3AEB1C004DE61A /* Model */ = {
			isa = PBXGroup;
			children = (
				6B8F10D11C3AEB2F004DE61A /* WBAccount.h */,
				6B8F10D21C3AEB2F004DE61A /* WBAccount.m */,
			);
			path = Model;
			sourceTree = "<group>";
		};
		6B8F10D41C3AF6FB004DE61A /* Tool */ = {
			isa = PBXGroup;
			children = (
				6B8F10D51C3AF717004DE61A /* WBAccountTool.h */,
				6B8F10D61C3AF717004DE61A /* WBAccountTool.m */,
			);
			path = Tool;
			sourceTree = "<group>";
		};
		6BB414E41C243F88007FBC6C /* classes */ = {
			isa = PBXGroup;
			children = (
				6B8440EF1C2C927200096EDD /* OAuth */,
				6BB414F51C243F88007FBC6C /* Main */,
				6BB414EF1C243F88007FBC6C /* Home */,
				6BB415021C243F88007FBC6C /* Message */,
				6BB414E51C243F88007FBC6C /* Compose */,
				6BB414E91C243F88007FBC6C /* Discover */,
				6BB4150C1C243F88007FBC6C /* Profile */,
				6B090F301C2A2E5400BC44FB /* NewFeature */,
				6BB415081C243F88007FBC6C /* Other */,
			);
			path = classes;
			sourceTree = "<group>";
		};
		6BB414E51C243F88007FBC6C /* Compose */ = {
			isa = PBXGroup;
			children = (
				6BB414E61C243F88007FBC6C /* Controller */,
				6BB414E71C243F88007FBC6C /* Model */,
				6BB414E81C243F88007FBC6C /* View */,
			);
			path = Compose;
			sourceTree = "<group>";
		};
		6BB414E61C243F88007FBC6C /* Controller */ = {
			isa = PBXGroup;
			children = (
				6BB4151C1C243FCF007FBC6C /* WBComposeTableViewController.h */,
				6BB4151D1C243FCF007FBC6C /* WBComposeTableViewController.m */,
			);
			path = Controller;
			sourceTree = "<group>";
		};
		6BB414E71C243F88007FBC6C /* Model */ = {
			isa = PBXGroup;
			children = (
			);
			path = Model;
			sourceTree = "<group>";
		};
		6BB414E81C243F88007FBC6C /* View */ = {
			isa = PBXGroup;
			children = (
			);
			path = View;
			sourceTree = "<group>";
		};
		6BB414E91C243F88007FBC6C /* Discover */ = {
			isa = PBXGroup;
			children = (
				6BB414EA1C243F88007FBC6C /* Controller */,
				6BB414ED1C243F88007FBC6C /* Model */,
				6BB414EE1C243F88007FBC6C /* View */,
			);
			path = Discover;
			sourceTree = "<group>";
		};
		6BB414EA1C243F88007FBC6C /* Controller */ = {
			isa = PBXGroup;
			children = (
				6BB414EB1C243F88007FBC6C /* WBDiscoverTableViewController.h */,
				6BB414EC1C243F88007FBC6C /* WBDiscoverTableViewController.m */,
			);
			path = Controller;
			sourceTree = "<group>";
		};
		6BB414ED1C243F88007FBC6C /* Model */ = {
			isa = PBXGroup;
			children = (
			);
			path = Model;
			sourceTree = "<group>";
		};
		6BB414EE1C243F88007FBC6C /* View */ = {
			isa = PBXGroup;
			children = (
			);
			path = View;
			sourceTree = "<group>";
		};
		6BB414EF1C243F88007FBC6C /* Home */ = {
			isa = PBXGroup;
			children = (
				6BB414F01C243F88007FBC6C /* Controller */,
				6BB414F31C243F88007FBC6C /* Model */,
				6BB414F41C243F88007FBC6C /* View */,
			);
			path = Home;
			sourceTree = "<group>";
		};
		6BB414F01C243F88007FBC6C /* Controller */ = {
			isa = PBXGroup;
			children = (
				6BB414F11C243F88007FBC6C /* WBHomeTableViewController.h */,
				6BB414F21C243F88007FBC6C /* WBHomeTableViewController.m */,
				6B76F6CE1C29AB1400B32424 /* WBTitleMenuController.h */,
				6B76F6CF1C29AB1400B32424 /* WBTitleMenuController.m */,
			);
			path = Controller;
			sourceTree = "<group>";
		};
		6BB414F31C243F88007FBC6C /* Model */ = {
			isa = PBXGroup;
			children = (
				6B11FA1C1C3B130900C0A61B /* WBUser.h */,
				6B11FA1D1C3B130900C0A61B /* WBUser.m */,
				6B42B3861C3B39B50028A40C /* WBStatuse.h */,
				6B42B3871C3B39B50028A40C /* WBStatuse.m */,
			);
			path = Model;
			sourceTree = "<group>";
		};
		6BB414F41C243F88007FBC6C /* View */ = {
			isa = PBXGroup;
			children = (
				6B76F6C81C28803100B32424 /* WBTitleButton.h */,
				6B76F6C91C28803100B32424 /* WBTitleButton.m */,
				6B76F6CB1C299B4C00B32424 /* WBDropDownMenu.h */,
				6B76F6CC1C299B4C00B32424 /* WBDropDownMenu.m */,
			);
			path = View;
			sourceTree = "<group>";
		};
		6BB414F51C243F88007FBC6C /* Main */ = {
			isa = PBXGroup;
			children = (
				6B76F6BB1C244C5F00B32424 /* Category */,
				6B606F681C3ACB06006D6B92 /* Lib */,
				6BB414FB1C243F88007FBC6C /* Controller */,
				6BB415001C243F88007FBC6C /* Model */,
				6BB415011C243F88007FBC6C /* View */,
			);
			path = Main;
			sourceTree = "<group>";
		};
		6BB414FB1C243F88007FBC6C /* Controller */ = {
			isa = PBXGroup;
			children = (
				6BB414FC1C243F88007FBC6C /* WBNavigationController.h */,
				6BB414FD1C243F88007FBC6C /* WBNavigationController.m */,
				6BB414FE1C243F88007FBC6C /* WBTabBarController.h */,
				6BB414FF1C243F88007FBC6C /* WBTabBarController.m */,
			);
			path = Controller;
			sourceTree = "<group>";
		};
		6BB415001C243F88007FBC6C /* Model */ = {
			isa = PBXGroup;
			children = (
			);
			path = Model;
			sourceTree = "<group>";
		};
		6BB415011C243F88007FBC6C /* View */ = {
			isa = PBXGroup;
			children = (
				6B76F6C51C28685B00B32424 /* WBSearchBar.h */,
				6B76F6C61C28685B00B32424 /* WBSearchBar.m */,
				6B00E3311C29E13900E0E67A /* WBTabBar.h */,
				6B00E3321C29E13900E0E67A /* WBTabBar.m */,
			);
			path = View;
			sourceTree = "<group>";
		};
		6BB415021C243F88007FBC6C /* Message */ = {
			isa = PBXGroup;
			children = (
				6BB415031C243F88007FBC6C /* Controller */,
				6BB415061C243F88007FBC6C /* Model */,
				6BB415071C243F88007FBC6C /* View */,
			);
			path = Message;
			sourceTree = "<group>";
		};
		6BB415031C243F88007FBC6C /* Controller */ = {
			isa = PBXGroup;
			children = (
				6BB415041C243F88007FBC6C /* WBMessageTableViewController.h */,
				6BB415051C243F88007FBC6C /* WBMessageTableViewController.m */,
			);
			path = Controller;
			sourceTree = "<group>";
		};
		6BB415061C243F88007FBC6C /* Model */ = {
			isa = PBXGroup;
			children = (
			);
			path = Model;
			sourceTree = "<group>";
		};
		6BB415071C243F88007FBC6C /* View */ = {
			isa = PBXGroup;
			children = (
			);
			path = View;
			sourceTree = "<group>";
		};
		6BB415081C243F88007FBC6C /* Other */ = {
			isa = PBXGroup;
			children = (
				6BB415091C243F88007FBC6C /* AppDelegate.h */,
				6BB4150A1C243F88007FBC6C /* AppDelegate.m */,
				6BB4150B1C243F88007FBC6C /* main.m */,
			);
			path = Other;
			sourceTree = "<group>";
		};
		6BB4150C1C243F88007FBC6C /* Profile */ = {
			isa = PBXGroup;
			children = (
				6BB4150D1C243F88007FBC6C /* Controller */,
				6BB415101C243F88007FBC6C /* Model */,
				6BB415111C243F88007FBC6C /* View */,
			);
			path = Profile;
			sourceTree = "<group>";
		};
		6BB4150D1C243F88007FBC6C /* Controller */ = {
			isa = PBXGroup;
			children = (
				6BB4150E1C243F88007FBC6C /* WBProfileTableViewController.h */,
				6BB4150F1C243F88007FBC6C /* WBProfileTableViewController.m */,
			);
			path = Controller;
			sourceTree = "<group>";
		};
		6BB415101C243F88007FBC6C /* Model */ = {
			isa = PBXGroup;
			children = (
			);
			path = Model;
			sourceTree = "<group>";
		};
		6BB415111C243F88007FBC6C /* View */ = {
			isa = PBXGroup;
			children = (
			);
			path = View;
			sourceTree = "<group>";
		};
		6BDDD7E91C231CF100BEE142 = {
			isa = PBXGroup;
			children = (
				6BDDD7F41C231CF100BEE142 /* Weibo */,
				6BDDD80E1C231CF100BEE142 /* WeiboTests */,
				6BDDD7F31C231CF100BEE142 /* Products */,
				3569612C1DC2EC068470FD19 /* Pods */,
				59368566D365B95D399D9C07 /* Frameworks */,
			);
			sourceTree = "<group>";
		};
		6BDDD7F31C231CF100BEE142 /* Products */ = {
			isa = PBXGroup;
			children = (
				6BDDD7F21C231CF100BEE142 /* Weibo.app */,
				6BDDD80B1C231CF100BEE142 /* WeiboTests.xctest */,
			);
			name = Products;
			sourceTree = "<group>";
		};
		6BDDD7F41C231CF100BEE142 /* Weibo */ = {
			isa = PBXGroup;
			children = (
				6BB414E41C243F88007FBC6C /* classes */,
				6BDDD7F51C231CF100BEE142 /* Supporting Files */,
			);
			path = Weibo;
			sourceTree = "<group>";
		};
		6BDDD7F51C231CF100BEE142 /* Supporting Files */ = {
			isa = PBXGroup;
			children = (
				6BDDD8011C231CF100BEE142 /* Assets.xcassets */,
				6BDDD8061C231CF100BEE142 /* Info.plist */,
				6B8447BE1C241A3B00DE577E /* Weibo-Prefix.pch */,
			);
			name = "Supporting Files";
			sourceTree = "<group>";
		};
		6BDDD80E1C231CF100BEE142 /* WeiboTests */ = {
			isa = PBXGroup;
			children = (
				6BDDD80F1C231CF100BEE142 /* WeiboTests.m */,
				6BDDD8111C231CF100BEE142 /* Info.plist */,
			);
			path = WeiboTests;
			sourceTree = "<group>";
		};
/* End PBXGroup section */

/* Begin PBXNativeTarget section */
		6BDDD7F11C231CF100BEE142 /* Weibo */ = {
			isa = PBXNativeTarget;
			buildConfigurationList = 6BDDD8141C231CF100BEE142 /* Build configuration list for PBXNativeTarget "Weibo" */;
			buildPhases = (
				5D3521E4D30FF5B475B21C31 /* Check Pods Manifest.lock */,
				6BDDD7EE1C231CF100BEE142 /* Sources */,
				6BDDD7EF1C231CF100BEE142 /* Frameworks */,
				6BDDD7F01C231CF100BEE142 /* Resources */,
				BDEAD034DC6A8A9B6A2E1815 /* Embed Pods Frameworks */,
				BF0CFCF73CD9F3EE931DA44C /* Copy Pods Resources */,
			);
			buildRules = (
			);
			dependencies = (
			);
			name = Weibo;
			productName = Weibo;
			productReference = 6BDDD7F21C231CF100BEE142 /* Weibo.app */;
			productType = "com.apple.product-type.application";
		};
		6BDDD80A1C231CF100BEE142 /* WeiboTests */ = {
			isa = PBXNativeTarget;
			buildConfigurationList = 6BDDD8171C231CF100BEE142 /* Build configuration list for PBXNativeTarget "WeiboTests" */;
			buildPhases = (
				6BDDD8071C231CF100BEE142 /* Sources */,
				6BDDD8081C231CF100BEE142 /* Frameworks */,
				6BDDD8091C231CF100BEE142 /* Resources */,
			);
			buildRules = (
			);
			dependencies = (
				6BDDD80D1C231CF100BEE142 /* PBXTargetDependency */,
			);
			name = WeiboTests;
			productName = WeiboTests;
			productReference = 6BDDD80B1C231CF100BEE142 /* WeiboTests.xctest */;
			productType = "com.apple.product-type.bundle.unit-test";
		};
/* End PBXNativeTarget section */

/* Begin PBXProject section */
		6BDDD7EA1C231CF100BEE142 /* Project object */ = {
			isa = PBXProject;
			attributes = {
				LastUpgradeCheck = 0710;
				ORGANIZATIONNAME = "linbq-b7";
				TargetAttributes = {
					6BDDD7F11C231CF100BEE142 = {
						CreatedOnToolsVersion = 7.1.1;
						DevelopmentTeam = G6XEZZUS3C;
					};
					6BDDD80A1C231CF100BEE142 = {
						CreatedOnToolsVersion = 7.1.1;
						DevelopmentTeam = G6XEZZUS3C;
						TestTargetID = 6BDDD7F11C231CF100BEE142;
					};
				};
			};
			buildConfigurationList = 6BDDD7ED1C231CF100BEE142 /* Build configuration list for PBXProject "Weibo" */;
			compatibilityVersion = "Xcode 3.2";
			developmentRegion = English;
			hasScannedForEncodings = 0;
			knownRegions = (
				en,
				Base,
			);
			mainGroup = 6BDDD7E91C231CF100BEE142;
			productRefGroup = 6BDDD7F31C231CF100BEE142 /* Products */;
			projectDirPath = "";
			projectRoot = "";
			targets = (
				6BDDD7F11C231CF100BEE142 /* Weibo */,
				6BDDD80A1C231CF100BEE142 /* WeiboTests */,
			);
		};
/* End PBXProject section */

/* Begin PBXResourcesBuildPhase section */
		6BDDD7F01C231CF100BEE142 /* Resources */ = {
			isa = PBXResourcesBuildPhase;
			buildActionMask = 2147483647;
			files = (
				6BDDD8021C231CF100BEE142 /* Assets.xcassets in Resources */,
				6B606F701C3ACB06006D6B92 /* MBProgressHUD.bundle in Resources */,
			);
			runOnlyForDeploymentPostprocessing = 0;
		};
		6BDDD8091C231CF100BEE142 /* Resources */ = {
			isa = PBXResourcesBuildPhase;
			buildActionMask = 2147483647;
			files = (
			);
			runOnlyForDeploymentPostprocessing = 0;
		};
/* End PBXResourcesBuildPhase section */

/* Begin PBXShellScriptBuildPhase section */
		5D3521E4D30FF5B475B21C31 /* Check Pods Manifest.lock */ = {
			isa = PBXShellScriptBuildPhase;
			buildActionMask = 2147483647;
			files = (
			);
			inputPaths = (
			);
			name = "Check Pods Manifest.lock";
			outputPaths = (
			);
			runOnlyForDeploymentPostprocessing = 0;
			shellPath = /bin/sh;
			shellScript = "diff \"${PODS_ROOT}/../Podfile.lock\" \"${PODS_ROOT}/Manifest.lock\" > /dev/null\nif [[ $? != 0 ]] ; then\n    cat << EOM\nerror: The sandbox is not in sync with the Podfile.lock. Run 'pod install' or update your CocoaPods installation.\nEOM\n    exit 1\nfi\n";
			showEnvVarsInLog = 0;
		};
		BDEAD034DC6A8A9B6A2E1815 /* Embed Pods Frameworks */ = {
			isa = PBXShellScriptBuildPhase;
			buildActionMask = 2147483647;
			files = (
			);
			inputPaths = (
			);
			name = "Embed Pods Frameworks";
			outputPaths = (
			);
			runOnlyForDeploymentPostprocessing = 0;
			shellPath = /bin/sh;
			shellScript = "\"${SRCROOT}/Pods/Target Support Files/Pods/Pods-frameworks.sh\"\n";
			showEnvVarsInLog = 0;
		};
		BF0CFCF73CD9F3EE931DA44C /* Copy Pods Resources */ = {
			isa = PBXShellScriptBuildPhase;
			buildActionMask = 2147483647;
			files = (
			);
			inputPaths = (
			);
			name = "Copy Pods Resources";
			outputPaths = (
			);
			runOnlyForDeploymentPostprocessing = 0;
			shellPath = /bin/sh;
			shellScript = "\"${SRCROOT}/Pods/Target Support Files/Pods/Pods-resources.sh\"\n";
			showEnvVarsInLog = 0;
		};
/* End PBXShellScriptBuildPhase section */

/* Begin PBXSourcesBuildPhase section */
		6BDDD7EE1C231CF100BEE142 /* Sources */ = {
			isa = PBXSourcesBuildPhase;
			buildActionMask = 2147483647;
			files = (
				6B42B3881C3B39B50028A40C /* WBStatuse.m in Sources */,
				6B76F6CD1C299B4C00B32424 /* WBDropDownMenu.m in Sources */,
				6B76F6C71C28685B00B32424 /* WBSearchBar.m in Sources */,
				6B00E3331C29E13900E0E67A /* WBTabBar.m in Sources */,
				6B76F6C41C28333100B32424 /* UIBarButtonItem+Extension.m in Sources */,
				6B11FA1E1C3B130900C0A61B /* WBUser.m in Sources */,
				6BB415121C243F88007FBC6C /* WBDiscoverTableViewController.m in Sources */,
				6B090F341C2A2E9100BC44FB /* WBNewFeatureViewController.m in Sources */,
				6BB415171C243F88007FBC6C /* WBTabBarController.m in Sources */,
				6B76F6C11C244C5F00B32424 /* UIView+Extension.m in Sources */,
				6B76F6D01C29AB1400B32424 /* WBTitleMenuController.m in Sources */,
				6BB415181C243F88007FBC6C /* WBMessageTableViewController.m in Sources */,
				6B8F10D31C3AEB2F004DE61A /* WBAccount.m in Sources */,
				6BB415191C243F88007FBC6C /* AppDelegate.m in Sources */,
				6B8440F31C2C937B00096EDD /* WBOAuthViewController.m in Sources */,
				6B11FA1B1C3B0B8300C0A61B /* UIWindow+Extension.m in Sources */,
				6BB415131C243F88007FBC6C /* WBHomeTableViewController.m in Sources */,
				6B606F711C3ACB06006D6B92 /* MBProgressHUD.m in Sources */,
				6B76F6C01C244C5F00B32424 /* UIImage+Extension.m in Sources */,
				6BB4151B1C243F88007FBC6C /* WBProfileTableViewController.m in Sources */,
				6BB415161C243F88007FBC6C /* WBNavigationController.m in Sources */,
				6B606F6F1C3ACB06006D6B92 /* MBProgressHUD+MJ.m in Sources */,
				6B76F6CA1C28803100B32424 /* WBTitleButton.m in Sources */,
				6B8F10D71C3AF717004DE61A /* WBAccountTool.m in Sources */,
				6B42B3851C3B27EB0028A40C /* Foundation+Log.m in Sources */,
				6BB4151A1C243F88007FBC6C /* main.m in Sources */,
				6BB4151E1C243FCF007FBC6C /* WBComposeTableViewController.m in Sources */,
			);
			runOnlyForDeploymentPostprocessing = 0;
		};
		6BDDD8071C231CF100BEE142 /* Sources */ = {
			isa = PBXSourcesBuildPhase;
			buildActionMask = 2147483647;
			files = (
				6BDDD8101C231CF100BEE142 /* WeiboTests.m in Sources */,
			);
			runOnlyForDeploymentPostprocessing = 0;
		};
/* End PBXSourcesBuildPhase section */

/* Begin PBXTargetDependency section */
		6BDDD80D1C231CF100BEE142 /* PBXTargetDependency */ = {
			isa = PBXTargetDependency;
			target = 6BDDD7F11C231CF100BEE142 /* Weibo */;
			targetProxy = 6BDDD80C1C231CF100BEE142 /* PBXContainerItemProxy */;
		};
/* End PBXTargetDependency section */

/* Begin XCBuildConfiguration section */
		6BDDD8121C231CF100BEE142 /* Debug */ = {
			isa = XCBuildConfiguration;
			buildSettings = {
				ALWAYS_SEARCH_USER_PATHS = NO;
				CLANG_CXX_LANGUAGE_STANDARD = "gnu++0x";
				CLANG_CXX_LIBRARY = "libc++";
				CLANG_ENABLE_MODULES = YES;
				CLANG_ENABLE_OBJC_ARC = YES;
				CLANG_WARN_BOOL_CONVERSION = YES;
				CLANG_WARN_CONSTANT_CONVERSION = YES;
				CLANG_WARN_DIRECT_OBJC_ISA_USAGE = YES_ERROR;
				CLANG_WARN_EMPTY_BODY = YES;
				CLANG_WARN_ENUM_CONVERSION = YES;
				CLANG_WARN_INT_CONVERSION = YES;
				CLANG_WARN_OBJC_ROOT_CLASS = YES_ERROR;
				CLANG_WARN_UNREACHABLE_CODE = YES;
				CLANG_WARN__DUPLICATE_METHOD_MATCH = YES;
				"CODE_SIGN_IDENTITY[sdk=iphoneos*]" = "iPhone Developer";
				COPY_PHASE_STRIP = NO;
				DEBUG_INFORMATION_FORMAT = dwarf;
				ENABLE_STRICT_OBJC_MSGSEND = YES;
				ENABLE_TESTABILITY = YES;
				GCC_C_LANGUAGE_STANDARD = gnu99;
				GCC_DYNAMIC_NO_PIC = NO;
				GCC_NO_COMMON_BLOCKS = YES;
				GCC_OPTIMIZATION_LEVEL = 0;
				GCC_PREPROCESSOR_DEFINITIONS = (
					"DEBUG=1",
					"$(inherited)",
				);
				GCC_WARN_64_TO_32_BIT_CONVERSION = YES;
				GCC_WARN_ABOUT_RETURN_TYPE = YES_ERROR;
				GCC_WARN_UNDECLARED_SELECTOR = YES;
				GCC_WARN_UNINITIALIZED_AUTOS = YES_AGGRESSIVE;
				GCC_WARN_UNUSED_FUNCTION = YES;
				GCC_WARN_UNUSED_VARIABLE = YES;
				IPHONEOS_DEPLOYMENT_TARGET = 9.1;
				MTL_ENABLE_DEBUG_INFO = YES;
				ONLY_ACTIVE_ARCH = YES;
				SDKROOT = iphoneos;
			};
			name = Debug;
		};
		6BDDD8131C231CF100BEE142 /* Release */ = {
			isa = XCBuildConfiguration;
			buildSettings = {
				ALWAYS_SEARCH_USER_PATHS = NO;
				CLANG_CXX_LANGUAGE_STANDARD = "gnu++0x";
				CLANG_CXX_LIBRARY = "libc++";
				CLANG_ENABLE_MODULES = YES;
				CLANG_ENABLE_OBJC_ARC = YES;
				CLANG_WARN_BOOL_CONVERSION = YES;
				CLANG_WARN_CONSTANT_CONVERSION = YES;
				CLANG_WARN_DIRECT_OBJC_ISA_USAGE = YES_ERROR;
				CLANG_WARN_EMPTY_BODY = YES;
				CLANG_WARN_ENUM_CONVERSION = YES;
				CLANG_WARN_INT_CONVERSION = YES;
				CLANG_WARN_OBJC_ROOT_CLASS = YES_ERROR;
				CLANG_WARN_UNREACHABLE_CODE = YES;
				CLANG_WARN__DUPLICATE_METHOD_MATCH = YES;
				"CODE_SIGN_IDENTITY[sdk=iphoneos*]" = "iPhone Developer";
				COPY_PHASE_STRIP = NO;
				DEBUG_INFORMATION_FORMAT = "dwarf-with-dsym";
				ENABLE_NS_ASSERTIONS = NO;
				ENABLE_STRICT_OBJC_MSGSEND = YES;
				GCC_C_LANGUAGE_STANDARD = gnu99;
				GCC_NO_COMMON_BLOCKS = YES;
				GCC_WARN_64_TO_32_BIT_CONVERSION = YES;
				GCC_WARN_ABOUT_RETURN_TYPE = YES_ERROR;
				GCC_WARN_UNDECLARED_SELECTOR = YES;
				GCC_WARN_UNINITIALIZED_AUTOS = YES_AGGRESSIVE;
				GCC_WARN_UNUSED_FUNCTION = YES;
				GCC_WARN_UNUSED_VARIABLE = YES;
				IPHONEOS_DEPLOYMENT_TARGET = 9.1;
				MTL_ENABLE_DEBUG_INFO = NO;
				SDKROOT = iphoneos;
				VALIDATE_PRODUCT = YES;
			};
			name = Release;
		};
		6BDDD8151C231CF100BEE142 /* Debug */ = {
			isa = XCBuildConfiguration;
			baseConfigurationReference = 84D4191F766E86117F080BE6 /* Pods.debug.xcconfig */;
			buildSettings = {
				ASSETCATALOG_COMPILER_APPICON_NAME = AppIcon;
				ASSETCATALOG_COMPILER_LAUNCHIMAGE_NAME = "Brand Assets";
				CODE_SIGN_IDENTITY = "iPhone Developer";
				GCC_PRECOMPILE_PREFIX_HEADER = YES;
				GCC_PREFIX_HEADER = "/Users/lbq/Documents/ios-workspace/Weibo/Weibo/Weibo/Weibo-Prefix.pch";
				INFOPLIST_FILE = Weibo/Info.plist;
				IPHONEOS_DEPLOYMENT_TARGET = 8.0;
				LD_RUNPATH_SEARCH_PATHS = "$(inherited) @executable_path/Frameworks";
				PRODUCT_BUNDLE_IDENTIFIER = "com.linbq-b7.Weibo";
				PRODUCT_NAME = "$(TARGET_NAME)";
			};
			name = Debug;
		};
		6BDDD8161C231CF100BEE142 /* Release */ = {
			isa = XCBuildConfiguration;
			baseConfigurationReference = A7243E268B5F42AF6B6EC5A8 /* Pods.release.xcconfig */;
			buildSettings = {
				ASSETCATALOG_COMPILER_APPICON_NAME = AppIcon;
				ASSETCATALOG_COMPILER_LAUNCHIMAGE_NAME = "Brand Assets";
				CODE_SIGN_IDENTITY = "iPhone Developer";
				GCC_PRECOMPILE_PREFIX_HEADER = YES;
				GCC_PREFIX_HEADER = "/Users/lbq/Documents/ios-workspace/Weibo/Weibo/Weibo/Weibo-Prefix.pch";
				INFOPLIST_FILE = Weibo/Info.plist;
				IPHONEOS_DEPLOYMENT_TARGET = 8.0;
				LD_RUNPATH_SEARCH_PATHS = "$(inherited) @executable_path/Frameworks";
				PRODUCT_BUNDLE_IDENTIFIER = "com.linbq-b7.Weibo";
				PRODUCT_NAME = "$(TARGET_NAME)";
			};
			name = Release;
		};
		6BDDD8181C231CF100BEE142 /* Debug */ = {
			isa = XCBuildConfiguration;
			buildSettings = {
				BUNDLE_LOADER = "$(TEST_HOST)";
				INFOPLIST_FILE = WeiboTests/Info.plist;
				LD_RUNPATH_SEARCH_PATHS = "$(inherited) @executable_path/Frameworks @loader_path/Frameworks";
				PRODUCT_BUNDLE_IDENTIFIER = "com.linbq-b7.WeiboTests";
				PRODUCT_NAME = "$(TARGET_NAME)";
				TEST_HOST = "$(BUILT_PRODUCTS_DIR)/Weibo.app/Weibo";
			};
			name = Debug;
		};
		6BDDD8191C231CF100BEE142 /* Release */ = {
			isa = XCBuildConfiguration;
			buildSettings = {
				BUNDLE_LOADER = "$(TEST_HOST)";
				INFOPLIST_FILE = WeiboTests/Info.plist;
				LD_RUNPATH_SEARCH_PATHS = "$(inherited) @executable_path/Frameworks @loader_path/Frameworks";
				PRODUCT_BUNDLE_IDENTIFIER = "com.linbq-b7.WeiboTests";
				PRODUCT_NAME = "$(TARGET_NAME)";
				TEST_HOST = "$(BUILT_PRODUCTS_DIR)/Weibo.app/Weibo";
			};
			name = Release;
		};
/* End XCBuildConfiguration section */

/* Begin XCConfigurationList section */
		6BDDD7ED1C231CF100BEE142 /* Build configuration list for PBXProject "Weibo" */ = {
			isa = XCConfigurationList;
			buildConfigurations = (
				6BDDD8121C231CF100BEE142 /* Debug */,
				6BDDD8131C231CF100BEE142 /* Release */,
			);
			defaultConfigurationIsVisible = 0;
			defaultConfigurationName = Release;
		};
		6BDDD8141C231CF100BEE142 /* Build configuration list for PBXNativeTarget "Weibo" */ = {
			isa = XCConfigurationList;
			buildConfigurations = (
				6BDDD8151C231CF100BEE142 /* Debug */,
				6BDDD8161C231CF100BEE142 /* Release */,
			);
			defaultConfigurationIsVisible = 0;
			defaultConfigurationName = Release;
		};
		6BDDD8171C231CF100BEE142 /* Build configuration list for PBXNativeTarget "WeiboTests" */ = {
			isa = XCConfigurationList;
			buildConfigurations = (
				6BDDD8181C231CF100BEE142 /* Debug */,
				6BDDD8191C231CF100BEE142 /* Release */,
			);
			defaultConfigurationIsVisible = 0;
			defaultConfigurationName = Release;
		};
/* End XCConfigurationList section */
	};
	rootObject = 6BDDD7EA1C231CF100BEE142 /* Project object */;
}
